
Microsoft Visual Studio Solution File, Format Version 12.00
Project("{FAE04EC0-301F-11D3-BF4B-00C04F79EFBC}") = "FarseerAgent.Service", "01_Interfaces\FarseerAgent.Service\FarseerAgent.Service.csproj", "{D42E3B97-F5C5-4048-A142-5EAEED7294B0}"
EndProject
Project("{2150E333-8FDC-42A3-9474-1A3956D46DE8}") = "01_Interfaces", "01_Interfaces", "{9445E265-4FB7-4A54-93F0-2E95DC6326B2}"
EndProject
Project("{2150E333-8FDC-42A3-9474-1A3956D46DE8}") = "02_Application", "02_Application", "{F8260137-7416-414B-A599-AF2F960D2380}"
EndProject
Project("{2150E333-8FDC-42A3-9474-1A3956D46DE8}") = "03_Domain", "03_Domain", "{7E736752-7216-4430-B838-B5AD9689395F}"
EndProject
Project("{2150E333-8FDC-42A3-9474-1A3956D46DE8}") = "04_Infrastructure", "04_Infrastructure", "{ADD67F7B-B210-48C0-9F1A-78CE78469A3E}"
EndProject
Project("{2150E333-8FDC-42A3-9474-1A3956D46DE8}") = "06_Documemt", "06_Documemt", "{7733F4AD-DEE1-4A14-B00A-ED00E593CA89}"
EndProject
Project("{2150E333-8FDC-42A3-9474-1A3956D46DE8}") = "07_Tools", "07_Tools", "{FF07EED3-7BF2-4F84-BC2C-F94212229AC5}"
EndProject
Project("{2150E333-8FDC-42A3-9474-1A3956D46DE8}") = "05_Framework", "05_Framework", "{8CAC111D-89EF-40C4-A208-4F05BC7A6351}"
EndProject
Project("{FAE04EC0-301F-11D3-BF4B-00C04F79EFBC}") = "Farseer.Net", "..\Farseer.Net\Framework\Farseer.Net\Farseer.Net.csproj", "{106027E6-A50A-455C-8336-767B28E4B105}"
EndProject
Project("{FAE04EC0-301F-11D3-BF4B-00C04F79EFBC}") = "Farseer.Net.Utils", "..\Farseer.Net\Framework\Farseer.Net.Utils\Farseer.Net.Utils.csproj", "{FE64345B-7E8B-4331-AAF0-8372082264AF}"
EndProject
Project("{FAE04EC0-301F-11D3-BF4B-00C04F79EFBC}") = "Farseer.Net.Core", "..\Farseer.Net\Framework\Farseer.Net.Core\Farseer.Net.Core.csproj", "{C00D4987-1290-474B-BD90-8D0FB8ED236B}"
EndProject
Project("{FAE04EC0-301F-11D3-BF4B-00C04F79EFBC}") = "Farseer.Net.Tasks", "..\Farseer.Net\Framework\Farseer.Net.Tasks\Farseer.Net.Tasks.csproj", "{EE66F7BD-E7F0-4239-8B43-AB03DB0DC168}"
EndProject
Project("{FAE04EC0-301F-11D3-BF4B-00C04F79EFBC}") = "FarseerAgent.Application", "02_Application\FarseerAgent.Application\FarseerAgent.Application.csproj", "{FEDAFECE-BD01-45AE-8DB8-DA3CE5CB4C99}"
EndProject
Project("{FAE04EC0-301F-11D3-BF4B-00C04F79EFBC}") = "FarseerAgent.Domain.LogCollect", "03_Domain\FarseerAgent.Domain.LogCollect\FarseerAgent.Domain.LogCollect.csproj", "{C2C2FBEB-CAC5-443D-9A75-1ABEA843C666}"
EndProject
Project("{FAE04EC0-301F-11D3-BF4B-00C04F79EFBC}") = "FarseerAgent.Infrastructure", "04_Infrastructure\FarseerAgent.Infrastructure\FarseerAgent.Infrastructure.csproj", "{71BF8F92-FAA7-4217-9EE0-220E349FF2AD}"
EndProject
Project("{FAE04EC0-301F-11D3-BF4B-00C04F79EFBC}") = "Farseer.Net.EventBus", "..\Farseer.Net\Framework\Farseer.Net.EventBus\Farseer.Net.EventBus.csproj", "{C78DFE8F-F43A-4053-A65C-D551CB6ABB68}"
EndProject
Project("{FAE04EC0-301F-11D3-BF4B-00C04F79EFBC}") = "Farseer.Net.ElasticSearch", "..\Farseer.Net\Framework\Farseer.Net.ElasticSearch\Farseer.Net.ElasticSearch.csproj", "{EFDA0DEA-81BF-427B-913E-3FEAE7A492A7}"
EndProject
Project("{FAE04EC0-301F-11D3-BF4B-00C04F79EFBC}") = "Farseer.Net.MQ.Queue", "..\Farseer.Net\Framework\Farseer.Net.MQ.Queue\Farseer.Net.MQ.Queue.csproj", "{C9AAD35E-1179-4179-9AAB-DBD7151BBB51}"
EndProject
Project("{FAE04EC0-301F-11D3-BF4B-00C04F79EFBC}") = "Farseer.Net.Mapper", "..\Farseer.Net\Framework\Farseer.Net.Mapper\Farseer.Net.Mapper.csproj", "{36BAFC61-FD03-4711-BFCD-55DC3293B3A2}"
EndProject
Global
	GlobalSection(SolutionConfigurationPlatforms) = preSolution
		Debug|Any CPU = Debug|Any CPU
		Release|Any CPU = Release|Any CPU
	EndGlobalSection
	GlobalSection(ProjectConfigurationPlatforms) = postSolution
		{D42E3B97-F5C5-4048-A142-5EAEED7294B0}.Debug|Any CPU.ActiveCfg = Debug|Any CPU
		{D42E3B97-F5C5-4048-A142-5EAEED7294B0}.Debug|Any CPU.Build.0 = Debug|Any CPU
		{D42E3B97-F5C5-4048-A142-5EAEED7294B0}.Release|Any CPU.ActiveCfg = Release|Any CPU
		{D42E3B97-F5C5-4048-A142-5EAEED7294B0}.Release|Any CPU.Build.0 = Release|Any CPU
		{106027E6-A50A-455C-8336-767B28E4B105}.Debug|Any CPU.ActiveCfg = Debug|Any CPU
		{106027E6-A50A-455C-8336-767B28E4B105}.Debug|Any CPU.Build.0 = Debug|Any CPU
		{106027E6-A50A-455C-8336-767B28E4B105}.Release|Any CPU.ActiveCfg = Release|Any CPU
		{106027E6-A50A-455C-8336-767B28E4B105}.Release|Any CPU.Build.0 = Release|Any CPU
		{FE64345B-7E8B-4331-AAF0-8372082264AF}.Debug|Any CPU.ActiveCfg = Debug|Any CPU
		{FE64345B-7E8B-4331-AAF0-8372082264AF}.Debug|Any CPU.Build.0 = Debug|Any CPU
		{FE64345B-7E8B-4331-AAF0-8372082264AF}.Release|Any CPU.ActiveCfg = Release|Any CPU
		{FE64345B-7E8B-4331-AAF0-8372082264AF}.Release|Any CPU.Build.0 = Release|Any CPU
		{C00D4987-1290-474B-BD90-8D0FB8ED236B}.Debug|Any CPU.ActiveCfg = Debug|Any CPU
		{C00D4987-1290-474B-BD90-8D0FB8ED236B}.Debug|Any CPU.Build.0 = Debug|Any CPU
		{C00D4987-1290-474B-BD90-8D0FB8ED236B}.Release|Any CPU.ActiveCfg = Release|Any CPU
		{C00D4987-1290-474B-BD90-8D0FB8ED236B}.Release|Any CPU.Build.0 = Release|Any CPU
		{EE66F7BD-E7F0-4239-8B43-AB03DB0DC168}.Debug|Any CPU.ActiveCfg = Debug|Any CPU
		{EE66F7BD-E7F0-4239-8B43-AB03DB0DC168}.Debug|Any CPU.Build.0 = Debug|Any CPU
		{EE66F7BD-E7F0-4239-8B43-AB03DB0DC168}.Release|Any CPU.ActiveCfg = Release|Any CPU
		{EE66F7BD-E7F0-4239-8B43-AB03DB0DC168}.Release|Any CPU.Build.0 = Release|Any CPU
		{FEDAFECE-BD01-45AE-8DB8-DA3CE5CB4C99}.Debug|Any CPU.ActiveCfg = Debug|Any CPU
		{FEDAFECE-BD01-45AE-8DB8-DA3CE5CB4C99}.Debug|Any CPU.Build.0 = Debug|Any CPU
		{FEDAFECE-BD01-45AE-8DB8-DA3CE5CB4C99}.Release|Any CPU.ActiveCfg = Release|Any CPU
		{FEDAFECE-BD01-45AE-8DB8-DA3CE5CB4C99}.Release|Any CPU.Build.0 = Release|Any CPU
		{C2C2FBEB-CAC5-443D-9A75-1ABEA843C666}.Debug|Any CPU.ActiveCfg = Debug|Any CPU
		{C2C2FBEB-CAC5-443D-9A75-1ABEA843C666}.Debug|Any CPU.Build.0 = Debug|Any CPU
		{C2C2FBEB-CAC5-443D-9A75-1ABEA843C666}.Release|Any CPU.ActiveCfg = Release|Any CPU
		{C2C2FBEB-CAC5-443D-9A75-1ABEA843C666}.Release|Any CPU.Build.0 = Release|Any CPU
		{71BF8F92-FAA7-4217-9EE0-220E349FF2AD}.Debug|Any CPU.ActiveCfg = Debug|Any CPU
		{71BF8F92-FAA7-4217-9EE0-220E349FF2AD}.Debug|Any CPU.Build.0 = Debug|Any CPU
		{71BF8F92-FAA7-4217-9EE0-220E349FF2AD}.Release|Any CPU.ActiveCfg = Release|Any CPU
		{71BF8F92-FAA7-4217-9EE0-220E349FF2AD}.Release|Any CPU.Build.0 = Release|Any CPU
		{C78DFE8F-F43A-4053-A65C-D551CB6ABB68}.Debug|Any CPU.ActiveCfg = Debug|Any CPU
		{C78DFE8F-F43A-4053-A65C-D551CB6ABB68}.Debug|Any CPU.Build.0 = Debug|Any CPU
		{C78DFE8F-F43A-4053-A65C-D551CB6ABB68}.Release|Any CPU.ActiveCfg = Release|Any CPU
		{C78DFE8F-F43A-4053-A65C-D551CB6ABB68}.Release|Any CPU.Build.0 = Release|Any CPU
		{EFDA0DEA-81BF-427B-913E-3FEAE7A492A7}.Debug|Any CPU.ActiveCfg = Debug|Any CPU
		{EFDA0DEA-81BF-427B-913E-3FEAE7A492A7}.Debug|Any CPU.Build.0 = Debug|Any CPU
		{EFDA0DEA-81BF-427B-913E-3FEAE7A492A7}.Release|Any CPU.ActiveCfg = Release|Any CPU
		{EFDA0DEA-81BF-427B-913E-3FEAE7A492A7}.Release|Any CPU.Build.0 = Release|Any CPU
		{C9AAD35E-1179-4179-9AAB-DBD7151BBB51}.Debug|Any CPU.ActiveCfg = Debug|Any CPU
		{C9AAD35E-1179-4179-9AAB-DBD7151BBB51}.Debug|Any CPU.Build.0 = Debug|Any CPU
		{C9AAD35E-1179-4179-9AAB-DBD7151BBB51}.Release|Any CPU.ActiveCfg = Release|Any CPU
		{C9AAD35E-1179-4179-9AAB-DBD7151BBB51}.Release|Any CPU.Build.0 = Release|Any CPU
		{36BAFC61-FD03-4711-BFCD-55DC3293B3A2}.Debug|Any CPU.ActiveCfg = Debug|Any CPU
		{36BAFC61-FD03-4711-BFCD-55DC3293B3A2}.Debug|Any CPU.Build.0 = Debug|Any CPU
		{36BAFC61-FD03-4711-BFCD-55DC3293B3A2}.Release|Any CPU.ActiveCfg = Release|Any CPU
		{36BAFC61-FD03-4711-BFCD-55DC3293B3A2}.Release|Any CPU.Build.0 = Release|Any CPU
	EndGlobalSection
	GlobalSection(NestedProjects) = preSolution
		{D42E3B97-F5C5-4048-A142-5EAEED7294B0} = {9445E265-4FB7-4A54-93F0-2E95DC6326B2}
		{106027E6-A50A-455C-8336-767B28E4B105} = {8CAC111D-89EF-40C4-A208-4F05BC7A6351}
		{FE64345B-7E8B-4331-AAF0-8372082264AF} = {8CAC111D-89EF-40C4-A208-4F05BC7A6351}
		{C00D4987-1290-474B-BD90-8D0FB8ED236B} = {8CAC111D-89EF-40C4-A208-4F05BC7A6351}
		{EE66F7BD-E7F0-4239-8B43-AB03DB0DC168} = {8CAC111D-89EF-40C4-A208-4F05BC7A6351}
		{FEDAFECE-BD01-45AE-8DB8-DA3CE5CB4C99} = {F8260137-7416-414B-A599-AF2F960D2380}
		{C2C2FBEB-CAC5-443D-9A75-1ABEA843C666} = {7E736752-7216-4430-B838-B5AD9689395F}
		{71BF8F92-FAA7-4217-9EE0-220E349FF2AD} = {ADD67F7B-B210-48C0-9F1A-78CE78469A3E}
		{C78DFE8F-F43A-4053-A65C-D551CB6ABB68} = {8CAC111D-89EF-40C4-A208-4F05BC7A6351}
		{EFDA0DEA-81BF-427B-913E-3FEAE7A492A7} = {8CAC111D-89EF-40C4-A208-4F05BC7A6351}
		{C9AAD35E-1179-4179-9AAB-DBD7151BBB51} = {8CAC111D-89EF-40C4-A208-4F05BC7A6351}
		{36BAFC61-FD03-4711-BFCD-55DC3293B3A2} = {8CAC111D-89EF-40C4-A208-4F05BC7A6351}
	EndGlobalSection
EndGlobal
